
Microsoft Visual Studio Solution File, Format Version 12.00
# Visual Studio Version 17
VisualStudioVersion = 17.4.33110.190
MinimumVisualStudioVersion = 10.0.40219.1
Project("{FAE04EC0-301F-11D3-BF4B-00C04F79EFBC}") = "GameDownloader", "GameDownloader.csproj", "{16FADE25-8ED4-49E5-A395-9A52707C14CE}"
EndProject
Global
	GlobalSection(SolutionConfigurationPlatforms) = preSolution
		Debug|Any CPU = Debug|Any CPU
		Release|Any CPU = Release|Any CPU
	EndGlobalSection
	GlobalSection(ProjectConfigurationPlatforms) = postSolution
		{16FADE25-8ED4-49E5-A395-9A52707C14CE}.Debug|Any CPU.ActiveCfg = Debug|Any CPU
		{16FADE25-8ED4-49E5-A395-9A52707C14CE}.Debug|Any CPU.Build.0 = Debug|Any CPU
		{16FADE25-8ED4-49E5-A395-9A52707C14CE}.Release|Any CPU.ActiveCfg = Release|Any CPU
		{16FADE25-8ED4-49E5-A395-9A52707C14CE}.Release|Any CPU.Build.0 = Release|Any CPU
	EndGlobalSection
	GlobalSection(SolutionProperties) = preSolution
		HideSolutionNode = FALSE
	EndGlobalSection
	GlobalSection(ExtensibilityGlobals) = postSolution
		SolutionGuid = {953C8258-E3DA-400A-BA50-5956A3196DA0}
	EndGlobalSection
EndGlobal
